
Microsoft Visual Studio Solution File, Format Version 12.00
# Visual Studio 15
VisualStudioVersion = 15.0.27703.2018
MinimumVisualStudioVersion = 10.0.40219.1
Project("{FAE04EC0-301F-11D3-BF4B-00C04F79EFBC}") = "Healthe.Android", "Healthe\Healthe.Android\Healthe.Android.csproj", "{5ABEF46E-5F6B-4FEE-8419-F742B144A202}"
EndProject
Project("{FAE04EC0-301F-11D3-BF4B-00C04F79EFBC}") = "Healthe.iOS", "Healthe\Healthe.iOS\Healthe.iOS.csproj", "{5E675FC0-E836-492F-AEB5-B1B2672F0984}"
EndProject
Project("{FAE04EC0-301F-11D3-BF4B-00C04F79EFBC}") = "Healthe.UWP", "Healthe\Healthe.UWP\Healthe.UWP.csproj", "{1A250191-C239-4F77-B447-40316833667B}"
EndProject
Project("{FAE04EC0-301F-11D3-BF4B-00C04F79EFBC}") = "Healthe", "Healthe\Healthe\Healthe.csproj", "{D7C887F3-71B9-42A8-BF3F-A8CBA5762D16}"
EndProject
Global
	GlobalSection(SolutionConfigurationPlatforms) = preSolution
		Ad-Hoc|Any CPU = Ad-Hoc|Any CPU
		Ad-Hoc|ARM = Ad-Hoc|ARM
		Ad-Hoc|iPhone = Ad-Hoc|iPhone
		Ad-Hoc|iPhoneSimulator = Ad-Hoc|iPhoneSimulator
		Ad-Hoc|x64 = Ad-Hoc|x64
		Ad-Hoc|x86 = Ad-Hoc|x86
		AppStore|Any CPU = AppStore|Any CPU
		AppStore|ARM = AppStore|ARM
		AppStore|iPhone = AppStore|iPhone
		AppStore|iPhoneSimulator = AppStore|iPhoneSimulator
		AppStore|x64 = AppStore|x64
		AppStore|x86 = AppStore|x86
		Debug|Any CPU = Debug|Any CPU
		Debug|ARM = Debug|ARM
		Debug|iPhone = Debug|iPhone
		Debug|iPhoneSimulator = Debug|iPhoneSimulator
		Debug|x64 = Debug|x64
		Debug|x86 = Debug|x86
		Release|Any CPU = Release|Any CPU
		Release|ARM = Release|ARM
		Release|iPhone = Release|iPhone
		Release|iPhoneSimulator = Release|iPhoneSimulator
		Release|x64 = Release|x64
		Release|x86 = Release|x86
	EndGlobalSection
	GlobalSection(ProjectConfigurationPlatforms) = postSolution
		{5ABEF46E-5F6B-4FEE-8419-F742B144A202}.Ad-Hoc|Any CPU.ActiveCfg = Release|Any CPU
		{5ABEF46E-5F6B-4FEE-8419-F742B144A202}.Ad-Hoc|Any CPU.Build.0 = Release|Any CPU
		{5ABEF46E-5F6B-4FEE-8419-F742B144A202}.Ad-Hoc|Any CPU.Deploy.0 = Release|Any CPU
		{5ABEF46E-5F6B-4FEE-8419-F742B144A202}.Ad-Hoc|ARM.ActiveCfg = Release|Any CPU
		{5ABEF46E-5F6B-4FEE-8419-F742B144A202}.Ad-Hoc|ARM.Build.0 = Release|Any CPU
		{5ABEF46E-5F6B-4FEE-8419-F742B144A202}.Ad-Hoc|ARM.Deploy.0 = Release|Any CPU
		{5ABEF46E-5F6B-4FEE-8419-F742B144A202}.Ad-Hoc|iPhone.ActiveCfg = Release|Any CPU
		{5ABEF46E-5F6B-4FEE-8419-F742B144A202}.Ad-Hoc|iPhone.Build.0 = Release|Any CPU
		{5ABEF46E-5F6B-4FEE-8419-F742B144A202}.Ad-Hoc|iPhone.Deploy.0 = Release|Any CPU
		{5ABEF46E-5F6B-4FEE-8419-F742B144A202}.Ad-Hoc|iPhoneSimulator.ActiveCfg = Release|Any CPU
		{5ABEF46E-5F6B-4FEE-8419-F742B144A202}.Ad-Hoc|iPhoneSimulator.Build.0 = Release|Any CPU
		{5ABEF46E-5F6B-4FEE-8419-F742B144A202}.Ad-Hoc|iPhoneSimulator.Deploy.0 = Release|Any CPU
		{5ABEF46E-5F6B-4FEE-8419-F742B144A202}.Ad-Hoc|x64.ActiveCfg = Release|Any CPU
		{5ABEF46E-5F6B-4FEE-8419-F742B144A202}.Ad-Hoc|x64.Build.0 = Release|Any CPU
		{5ABEF46E-5F6B-4FEE-8419-F742B144A202}.Ad-Hoc|x64.Deploy.0 = Release|Any CPU
		{5ABEF46E-5F6B-4FEE-8419-F742B144A202}.Ad-Hoc|x86.ActiveCfg = Release|Any CPU
		{5ABEF46E-5F6B-4FEE-8419-F742B144A202}.Ad-Hoc|x86.Build.0 = Release|Any CPU
		{5ABEF46E-5F6B-4FEE-8419-F742B144A202}.Ad-Hoc|x86.Deploy.0 = Release|Any CPU
		{5ABEF46E-5F6B-4FEE-8419-F742B144A202}.AppStore|Any CPU.ActiveCfg = Release|Any CPU
		{5ABEF46E-5F6B-4FEE-8419-F742B144A202}.AppStore|Any CPU.Build.0 = Release|Any CPU
		{5ABEF46E-5F6B-4FEE-8419-F742B144A202}.AppStore|Any CPU.Deploy.0 = Release|Any CPU
		{5ABEF46E-5F6B-4FEE-8419-F742B144A202}.AppStore|ARM.ActiveCfg = Release|Any CPU
		{5ABEF46E-5F6B-4FEE-8419-F742B144A202}.AppStore|ARM.Build.0 = Release|Any CPU
		{5ABEF46E-5F6B-4FEE-8419-F742B144A202}.AppStore|ARM.Deploy.0 = Release|Any CPU
		{5ABEF46E-5F6B-4FEE-8419-F742B144A202}.AppStore|iPhone.ActiveCfg = Release|Any CPU
		{5ABEF46E-5F6B-4FEE-8419-F742B144A202}.AppStore|iPhone.Build.0 = Release|Any CPU
		{5ABEF46E-5F6B-4FEE-8419-F742B144A202}.AppStore|iPhone.Deploy.0 = Release|Any CPU
		{5ABEF46E-5F6B-4FEE-8419-F742B144A202}.AppStore|iPhoneSimulator.ActiveCfg = Release|Any CPU
		{5ABEF46E-5F6B-4FEE-8419-F742B144A202}.AppStore|iPhoneSimulator.Build.0 = Release|Any CPU
		{5ABEF46E-5F6B-4FEE-8419-F742B144A202}.AppStore|iPhoneSimulator.Deploy.0 = Release|Any CPU
		{5ABEF46E-5F6B-4FEE-8419-F742B144A202}.AppStore|x64.ActiveCfg = Release|Any CPU
		{5ABEF46E-5F6B-4FEE-8419-F742B144A202}.AppStore|x64.Build.0 = Release|Any CPU
		{5ABEF46E-5F6B-4FEE-8419-F742B144A202}.AppStore|x64.Deploy.0 = Release|Any CPU
		{5ABEF46E-5F6B-4FEE-8419-F742B144A202}.AppStore|x86.ActiveCfg = Release|Any CPU
		{5ABEF46E-5F6B-4FEE-8419-F742B144A202}.AppStore|x86.Build.0 = Release|Any CPU
		{5ABEF46E-5F6B-4FEE-8419-F742B144A202}.AppStore|x86.Deploy.0 = Release|Any CPU
		{5ABEF46E-5F6B-4FEE-8419-F742B144A202}.Debug|Any CPU.ActiveCfg = Debug|Any CPU
		{5ABEF46E-5F6B-4FEE-8419-F742B144A202}.Debug|Any CPU.Build.0 = Debug|Any CPU
		{5ABEF46E-5F6B-4FEE-8419-F742B144A202}.Debug|Any CPU.Deploy.0 = Debug|Any CPU
		{5ABEF46E-5F6B-4FEE-8419-F742B144A202}.Debug|ARM.ActiveCfg = Debug|Any CPU
		{5ABEF46E-5F6B-4FEE-8419-F742B144A202}.Debug|ARM.Build.0 = Debug|Any CPU
		{5ABEF46E-5F6B-4FEE-8419-F742B144A202}.Debug|ARM.Deploy.0 = Debug|Any CPU
		{5ABEF46E-5F6B-4FEE-8419-F742B144A202}.Debug|iPhone.ActiveCfg = Debug|Any CPU
		{5ABEF46E-5F6B-4FEE-8419-F742B144A202}.Debug|iPhone.Build.0 = Debug|Any CPU
		{5ABEF46E-5F6B-4FEE-8419-F742B144A202}.Debug|iPhone.Deploy.0 = Debug|Any CPU
		{5ABEF46E-5F6B-4FEE-8419-F742B144A202}.Debug|iPhoneSimulator.ActiveCfg = Debug|Any CPU
		{5ABEF46E-5F6B-4FEE-8419-F742B144A202}.Debug|iPhoneSimulator.Build.0 = Debug|Any CPU
		{5ABEF46E-5F6B-4FEE-8419-F742B144A202}.Debug|iPhoneSimulator.Deploy.0 = Debug|Any CPU
		{5ABEF46E-5F6B-4FEE-8419-F742B144A202}.Debug|x64.ActiveCfg = Debug|Any CPU
		{5ABEF46E-5F6B-4FEE-8419-F742B144A202}.Debug|x64.Build.0 = Debug|Any CPU
		{5ABEF46E-5F6B-4FEE-8419-F742B144A202}.Debug|x64.Deploy.0 = Debug|Any CPU
		{5ABEF46E-5F6B-4FEE-8419-F742B144A202}.Debug|x86.ActiveCfg = Debug|Any CPU
		{5ABEF46E-5F6B-4FEE-8419-F742B144A202}.Debug|x86.Build.0 = Debug|Any CPU
		{5ABEF46E-5F6B-4FEE-8419-F742B144A202}.Debug|x86.Deploy.0 = Debug|Any CPU
		{5ABEF46E-5F6B-4FEE-8419-F742B144A202}.Release|Any CPU.ActiveCfg = Release|Any CPU
		{5ABEF46E-5F6B-4FEE-8419-F742B144A202}.Release|Any CPU.Build.0 = Release|Any CPU
		{5ABEF46E-5F6B-4FEE-8419-F742B144A202}.Release|Any CPU.Deploy.0 = Release|Any CPU
		{5ABEF46E-5F6B-4FEE-8419-F742B144A202}.Release|ARM.ActiveCfg = Release|Any CPU
		{5ABEF46E-5F6B-4FEE-8419-F742B144A202}.Release|ARM.Build.0 = Release|Any CPU
		{5ABEF46E-5F6B-4FEE-8419-F742B144A202}.Release|ARM.Deploy.0 = Release|Any CPU
		{5ABEF46E-5F6B-4FEE-8419-F742B144A202}.Release|iPhone.ActiveCfg = Release|Any CPU
		{5ABEF46E-5F6B-4FEE-8419-F742B144A202}.Release|iPhone.Build.0 = Release|Any CPU
		{5ABEF46E-5F6B-4FEE-8419-F742B144A202}.Release|iPhone.Deploy.0 = Release|Any CPU
		{5ABEF46E-5F6B-4FEE-8419-F742B144A202}.Release|iPhoneSimulator.ActiveCfg = Release|Any CPU
		{5ABEF46E-5F6B-4FEE-8419-F742B144A202}.Release|iPhoneSimulator.Build.0 = Release|Any CPU
		{5ABEF46E-5F6B-4FEE-8419-F742B144A202}.Release|iPhoneSimulator.Deploy.0 = Release|Any CPU
		{5ABEF46E-5F6B-4FEE-8419-F742B144A202}.Release|x64.ActiveCfg = Release|Any CPU
		{5ABEF46E-5F6B-4FEE-8419-F742B144A202}.Release|x64.Build.0 = Release|Any CPU
		{5ABEF46E-5F6B-4FEE-8419-F742B144A202}.Release|x64.Deploy.0 = Release|Any CPU
		{5ABEF46E-5F6B-4FEE-8419-F742B144A202}.Release|x86.ActiveCfg = Release|Any CPU
		{5ABEF46E-5F6B-4FEE-8419-F742B144A202}.Release|x86.Build.0 = Release|Any CPU
		{5ABEF46E-5F6B-4FEE-8419-F742B144A202}.Release|x86.Deploy.0 = Release|Any CPU
		{5E675FC0-E836-492F-AEB5-B1B2672F0984}.Ad-Hoc|Any CPU.ActiveCfg = Ad-Hoc|iPhone
		{5E675FC0-E836-492F-AEB5-B1B2672F0984}.Ad-Hoc|Any CPU.Build.0 = Ad-Hoc|iPhone
		{5E675FC0-E836-492F-AEB5-B1B2672F0984}.Ad-Hoc|Any CPU.Deploy.0 = Ad-Hoc|iPhone
		{5E675FC0-E836-492F-AEB5-B1B2672F0984}.Ad-Hoc|ARM.ActiveCfg = Ad-Hoc|iPhone
		{5E675FC0-E836-492F-AEB5-B1B2672F0984}.Ad-Hoc|ARM.Build.0 = Ad-Hoc|iPhone
		{5E675FC0-E836-492F-AEB5-B1B2672F0984}.Ad-Hoc|ARM.Deploy.0 = Ad-Hoc|iPhone
		{5E675FC0-E836-492F-AEB5-B1B2672F0984}.Ad-Hoc|iPhone.ActiveCfg = Ad-Hoc|iPhone
		{5E675FC0-E836-492F-AEB5-B1B2672F0984}.Ad-Hoc|iPhone.Build.0 = Ad-Hoc|iPhone
		{5E675FC0-E836-492F-AEB5-B1B2672F0984}.Ad-Hoc|iPhone.Deploy.0 = Ad-Hoc|iPhone
		{5E675FC0-E836-492F-AEB5-B1B2672F0984}.Ad-Hoc|iPhoneSimulator.ActiveCfg = Ad-Hoc|iPhoneSimulator
		{5E675FC0-E836-492F-AEB5-B1B2672F0984}.Ad-Hoc|iPhoneSimulator.Build.0 = Ad-Hoc|iPhoneSimulator
		{5E675FC0-E836-492F-AEB5-B1B2672F0984}.Ad-Hoc|iPhoneSimulator.Deploy.0 = Ad-Hoc|iPhoneSimulator
		{5E675FC0-E836-492F-AEB5-B1B2672F0984}.Ad-Hoc|x64.ActiveCfg = Ad-Hoc|iPhone
		{5E675FC0-E836-492F-AEB5-B1B2672F0984}.Ad-Hoc|x64.Build.0 = Ad-Hoc|iPhone
		{5E675FC0-E836-492F-AEB5-B1B2672F0984}.Ad-Hoc|x64.Deploy.0 = Ad-Hoc|iPhone
		{5E675FC0-E836-492F-AEB5-B1B2672F0984}.Ad-Hoc|x86.ActiveCfg = Ad-Hoc|iPhone
		{5E675FC0-E836-492F-AEB5-B1B2672F0984}.Ad-Hoc|x86.Build.0 = Ad-Hoc|iPhone
		{5E675FC0-E836-492F-AEB5-B1B2672F0984}.Ad-Hoc|x86.Deploy.0 = Ad-Hoc|iPhone
		{5E675FC0-E836-492F-AEB5-B1B2672F0984}.AppStore|Any CPU.ActiveCfg = AppStore|iPhone
		{5E675FC0-E836-492F-AEB5-B1B2672F0984}.AppStore|Any CPU.Build.0 = AppStore|iPhone
		{5E675FC0-E836-492F-AEB5-B1B2672F0984}.AppStore|Any CPU.Deploy.0 = AppStore|iPhone
		{5E675FC0-E836-492F-AEB5-B1B2672F0984}.AppStore|ARM.ActiveCfg = AppStore|iPhone
		{5E675FC0-E836-492F-AEB5-B1B2672F0984}.AppStore|ARM.Build.0 = AppStore|iPhone
		{5E675FC0-E836-492F-AEB5-B1B2672F0984}.AppStore|ARM.Deploy.0 = AppStore|iPhone
		{5E675FC0-E836-492F-AEB5-B1B2672F0984}.AppStore|iPhone.ActiveCfg = AppStore|iPhone
		{5E675FC0-E836-492F-AEB5-B1B2672F0984}.AppStore|iPhone.Build.0 = AppStore|iPhone
		{5E675FC0-E836-492F-AEB5-B1B2672F0984}.AppStore|iPhone.Deploy.0 = AppStore|iPhone
		{5E675FC0-E836-492F-AEB5-B1B2672F0984}.AppStore|iPhoneSimulator.ActiveCfg = AppStore|iPhoneSimulator
		{5E675FC0-E836-492F-AEB5-B1B2672F0984}.AppStore|iPhoneSimulator.Build.0 = AppStore|iPhoneSimulator
		{5E675FC0-E836-492F-AEB5-B1B2672F0984}.AppStore|iPhoneSimulator.Deploy.0 = AppStore|iPhoneSimulator
		{5E675FC0-E836-492F-AEB5-B1B2672F0984}.AppStore|x64.ActiveCfg = AppStore|iPhone
		{5E675FC0-E836-492F-AEB5-B1B2672F0984}.AppStore|x64.Build.0 = AppStore|iPhone
		{5E675FC0-E836-492F-AEB5-B1B2672F0984}.AppStore|x64.Deploy.0 = AppStore|iPhone
		{5E675FC0-E836-492F-AEB5-B1B2672F0984}.AppStore|x86.ActiveCfg = AppStore|iPhone
		{5E675FC0-E836-492F-AEB5-B1B2672F0984}.AppStore|x86.Build.0 = AppStore|iPhone
		{5E675FC0-E836-492F-AEB5-B1B2672F0984}.AppStore|x86.Deploy.0 = AppStore|iPhone
		{5E675FC0-E836-492F-AEB5-B1B2672F0984}.Debug|Any CPU.ActiveCfg = Debug|iPhoneSimulator
		{5E675FC0-E836-492F-AEB5-B1B2672F0984}.Debug|Any CPU.Build.0 = Debug|iPhoneSimulator
		{5E675FC0-E836-492F-AEB5-B1B2672F0984}.Debug|Any CPU.Deploy.0 = Debug|iPhoneSimulator
		{5E675FC0-E836-492F-AEB5-B1B2672F0984}.Debug|ARM.ActiveCfg = Debug|iPhone
		{5E675FC0-E836-492F-AEB5-B1B2672F0984}.Debug|ARM.Build.0 = Debug|iPhone
		{5E675FC0-E836-492F-AEB5-B1B2672F0984}.Debug|ARM.Deploy.0 = Debug|iPhone
		{5E675FC0-E836-492F-AEB5-B1B2672F0984}.Debug|iPhone.ActiveCfg = Debug|iPhone
		{5E675FC0-E836-492F-AEB5-B1B2672F0984}.Debug|iPhone.Build.0 = Debug|iPhone
		{5E675FC0-E836-492F-AEB5-B1B2672F0984}.Debug|iPhone.Deploy.0 = Debug|iPhone
		{5E675FC0-E836-492F-AEB5-B1B2672F0984}.Debug|iPhoneSimulator.ActiveCfg = Debug|iPhoneSimulator
		{5E675FC0-E836-492F-AEB5-B1B2672F0984}.Debug|iPhoneSimulator.Build.0 = Debug|iPhoneSimulator
		{5E675FC0-E836-492F-AEB5-B1B2672F0984}.Debug|iPhoneSimulator.Deploy.0 = Debug|iPhoneSimulator
		{5E675FC0-E836-492F-AEB5-B1B2672F0984}.Debug|x64.ActiveCfg = Debug|iPhone
		{5E675FC0-E836-492F-AEB5-B1B2672F0984}.Debug|x64.Build.0 = Debug|iPhone
		{5E675FC0-E836-492F-AEB5-B1B2672F0984}.Debug|x64.Deploy.0 = Debug|iPhone
		{5E675FC0-E836-492F-AEB5-B1B2672F0984}.Debug|x86.ActiveCfg = Debug|iPhone
		{5E675FC0-E836-492F-AEB5-B1B2672F0984}.Debug|x86.Build.0 = Debug|iPhone
		{5E675FC0-E836-492F-AEB5-B1B2672F0984}.Debug|x86.Deploy.0 = Debug|iPhone
		{5E675FC0-E836-492F-AEB5-B1B2672F0984}.Release|Any CPU.ActiveCfg = Release|iPhone
		{5E675FC0-E836-492F-AEB5-B1B2672F0984}.Release|Any CPU.Build.0 = Release|iPhone
		{5E675FC0-E836-492F-AEB5-B1B2672F0984}.Release|Any CPU.Deploy.0 = Release|iPhone
		{5E675FC0-E836-492F-AEB5-B1B2672F0984}.Release|ARM.ActiveCfg = Release|iPhone
		{5E675FC0-E836-492F-AEB5-B1B2672F0984}.Release|ARM.Build.0 = Release|iPhone
		{5E675FC0-E836-492F-AEB5-B1B2672F0984}.Release|ARM.Deploy.0 = Release|iPhone
		{5E675FC0-E836-492F-AEB5-B1B2672F0984}.Release|iPhone.ActiveCfg = Release|iPhone
		{5E675FC0-E836-492F-AEB5-B1B2672F0984}.Release|iPhone.Build.0 = Release|iPhone
		{5E675FC0-E836-492F-AEB5-B1B2672F0984}.Release|iPhone.Deploy.0 = Release|iPhone
		{5E675FC0-E836-492F-AEB5-B1B2672F0984}.Release|iPhoneSimulator.ActiveCfg = Release|iPhoneSimulator
		{5E675FC0-E836-492F-AEB5-B1B2672F0984}.Release|iPhoneSimulator.Build.0 = Release|iPhoneSimulator
		{5E675FC0-E836-492F-AEB5-B1B2672F0984}.Release|iPhoneSimulator.Deploy.0 = Release|iPhoneSimulator
		{5E675FC0-E836-492F-AEB5-B1B2672F0984}.Release|x64.ActiveCfg = Release|iPhone
		{5E675FC0-E836-492F-AEB5-B1B2672F0984}.Release|x64.Build.0 = Release|iPhone
		{5E675FC0-E836-492F-AEB5-B1B2672F0984}.Release|x64.Deploy.0 = Release|iPhone
		{5E675FC0-E836-492F-AEB5-B1B2672F0984}.Release|x86.ActiveCfg = Release|iPhone
		{5E675FC0-E836-492F-AEB5-B1B2672F0984}.Release|x86.Build.0 = Release|iPhone
		{5E675FC0-E836-492F-AEB5-B1B2672F0984}.Release|x86.Deploy.0 = Release|iPhone
		{1A250191-C239-4F77-B447-40316833667B}.Ad-Hoc|Any CPU.ActiveCfg = Release|x86
		{1A250191-C239-4F77-B447-40316833667B}.Ad-Hoc|Any CPU.Build.0 = Release|x86
		{1A250191-C239-4F77-B447-40316833667B}.Ad-Hoc|Any CPU.Deploy.0 = Release|x86
		{1A250191-C239-4F77-B447-40316833667B}.Ad-Hoc|ARM.ActiveCfg = Release|ARM
		{1A250191-C239-4F77-B447-40316833667B}.Ad-Hoc|ARM.Build.0 = Release|ARM
		{1A250191-C239-4F77-B447-40316833667B}.Ad-Hoc|ARM.Deploy.0 = Release|ARM
		{1A250191-C239-4F77-B447-40316833667B}.Ad-Hoc|iPhone.ActiveCfg = Release|x86
		{1A250191-C239-4F77-B447-40316833667B}.Ad-Hoc|iPhone.Build.0 = Release|x86
		{1A250191-C239-4F77-B447-40316833667B}.Ad-Hoc|iPhone.Deploy.0 = Release|x86
		{1A250191-C239-4F77-B447-40316833667B}.Ad-Hoc|iPhoneSimulator.ActiveCfg = Release|x86
		{1A250191-C239-4F77-B447-40316833667B}.Ad-Hoc|iPhoneSimulator.Build.0 = Release|x86
		{1A250191-C239-4F77-B447-40316833667B}.Ad-Hoc|iPhoneSimulator.Deploy.0 = Release|x86
		{1A250191-C239-4F77-B447-40316833667B}.Ad-Hoc|x64.ActiveCfg = Release|x64
		{1A250191-C239-4F77-B447-40316833667B}.Ad-Hoc|x64.Build.0 = Release|x64
		{1A250191-C239-4F77-B447-40316833667B}.Ad-Hoc|x64.Deploy.0 = Release|x64
		{1A250191-C239-4F77-B447-40316833667B}.Ad-Hoc|x86.ActiveCfg = Release|x86
		{1A250191-C239-4F77-B447-40316833667B}.Ad-Hoc|x86.Build.0 = Release|x86
		{1A250191-C239-4F77-B447-40316833667B}.Ad-Hoc|x86.Deploy.0 = Release|x86
		{1A250191-C239-4F77-B447-40316833667B}.AppStore|Any CPU.ActiveCfg = Release|x86
		{1A250191-C239-4F77-B447-40316833667B}.AppStore|Any CPU.Build.0 = Release|x86
		{1A250191-C239-4F77-B447-40316833667B}.AppStore|Any CPU.Deploy.0 = Release|x86
		{1A250191-C239-4F77-B447-40316833667B}.AppStore|ARM.ActiveCfg = Release|ARM
		{1A250191-C239-4F77-B447-40316833667B}.AppStore|ARM.Build.0 = Release|ARM
		{1A250191-C239-4F77-B447-40316833667B}.AppStore|ARM.Deploy.0 = Release|ARM
		{1A250191-C239-4F77-B447-40316833667B}.AppStore|iPhone.ActiveCfg = Release|x86
		{1A250191-C239-4F77-B447-40316833667B}.AppStore|iPhone.Build.0 = Release|x86
		{1A250191-C239-4F77-B447-40316833667B}.AppStore|iPhone.Deploy.0 = Release|x86
		{1A250191-C239-4F77-B447-40316833667B}.AppStore|iPhoneSimulator.ActiveCfg = Release|x86
		{1A250191-C239-4F77-B447-40316833667B}.AppStore|iPhoneSimulator.Build.0 = Release|x86
		{1A250191-C239-4F77-B447-40316833667B}.AppStore|iPhoneSimulator.Deploy.0 = Release|x86
		{1A250191-C239-4F77-B447-40316833667B}.AppStore|x64.ActiveCfg = Release|x64
		{1A250191-C239-4F77-B447-40316833667B}.AppStore|x64.Build.0 = Release|x64
		{1A250191-C239-4F77-B447-40316833667B}.AppStore|x64.Deploy.0 = Release|x64
		{1A250191-C239-4F77-B447-40316833667B}.AppStore|x86.ActiveCfg = Release|x86
		{1A250191-C239-4F77-B447-40316833667B}.AppStore|x86.Build.0 = Release|x86
		{1A250191-C239-4F77-B447-40316833667B}.AppStore|x86.Deploy.0 = Release|x86
		{1A250191-C239-4F77-B447-40316833667B}.Debug|Any CPU.ActiveCfg = Debug|x86
		{1A250191-C239-4F77-B447-40316833667B}.Debug|ARM.ActiveCfg = Debug|ARM
		{1A250191-C239-4F77-B447-40316833667B}.Debug|ARM.Build.0 = Debug|ARM
		{1A250191-C239-4F77-B447-40316833667B}.Debug|ARM.Deploy.0 = Debug|ARM
		{1A250191-C239-4F77-B447-40316833667B}.Debug|iPhone.ActiveCfg = Debug|x86
		{1A250191-C239-4F77-B447-40316833667B}.Debug|iPhoneSimulator.ActiveCfg = Debug|x86
		{1A250191-C239-4F77-B447-40316833667B}.Debug|x64.ActiveCfg = Debug|x64
		{1A250191-C239-4F77-B447-40316833667B}.Debug|x64.Build.0 = Debug|x64
		{1A250191-C239-4F77-B447-40316833667B}.Debug|x64.Deploy.0 = Debug|x64
		{1A250191-C239-4F77-B447-40316833667B}.Debug|x86.ActiveCfg = Debug|x86
		{1A250191-C239-4F77-B447-40316833667B}.Debug|x86.Build.0 = Debug|x86
		{1A250191-C239-4F77-B447-40316833667B}.Debug|x86.Deploy.0 = Debug|x86
		{1A250191-C239-4F77-B447-40316833667B}.Release|Any CPU.ActiveCfg = Release|x86
		{1A250191-C239-4F77-B447-40316833667B}.Release|ARM.ActiveCfg = Release|ARM
		{1A250191-C239-4F77-B447-40316833667B}.Release|ARM.Build.0 = Release|ARM
		{1A250191-C239-4F77-B447-40316833667B}.Release|ARM.Deploy.0 = Release|ARM
		{1A250191-C239-4F77-B447-40316833667B}.Release|iPhone.ActiveCfg = Release|x86
		{1A250191-C239-4F77-B447-40316833667B}.Release|iPhoneSimulator.ActiveCfg = Release|x86
		{1A250191-C239-4F77-B447-40316833667B}.Release|x64.ActiveCfg = Release|x64
		{1A250191-C239-4F77-B447-40316833667B}.Release|x64.Build.0 = Release|x64
		{1A250191-C239-4F77-B447-40316833667B}.Release|x64.Deploy.0 = Release|x64
		{1A250191-C239-4F77-B447-40316833667B}.Release|x86.ActiveCfg = Release|x86
		{1A250191-C239-4F77-B447-40316833667B}.Release|x86.Build.0 = Release|x86
		{1A250191-C239-4F77-B447-40316833667B}.Release|x86.Deploy.0 = Release|x86
		{D7C887F3-71B9-42A8-BF3F-A8CBA5762D16}.Ad-Hoc|Any CPU.ActiveCfg = Debug|Any CPU
		{D7C887F3-71B9-42A8-BF3F-A8CBA5762D16}.Ad-Hoc|Any CPU.Build.0 = Debug|Any CPU
		{D7C887F3-71B9-42A8-BF3F-A8CBA5762D16}.Ad-Hoc|Any CPU.Deploy.0 = Debug|Any CPU
		{D7C887F3-71B9-42A8-BF3F-A8CBA5762D16}.Ad-Hoc|ARM.ActiveCfg = Debug|Any CPU
		{D7C887F3-71B9-42A8-BF3F-A8CBA5762D16}.Ad-Hoc|ARM.Build.0 = Debug|Any CPU
		{D7C887F3-71B9-42A8-BF3F-A8CBA5762D16}.Ad-Hoc|ARM.Deploy.0 = Debug|Any CPU
		{D7C887F3-71B9-42A8-BF3F-A8CBA5762D16}.Ad-Hoc|iPhone.ActiveCfg = Debug|Any CPU
		{D7C887F3-71B9-42A8-BF3F-A8CBA5762D16}.Ad-Hoc|iPhone.Build.0 = Debug|Any CPU
		{D7C887F3-71B9-42A8-BF3F-A8CBA5762D16}.Ad-Hoc|iPhone.Deploy.0 = Debug|Any CPU
		{D7C887F3-71B9-42A8-BF3F-A8CBA5762D16}.Ad-Hoc|iPhoneSimulator.ActiveCfg = Debug|Any CPU
		{D7C887F3-71B9-42A8-BF3F-A8CBA5762D16}.Ad-Hoc|iPhoneSimulator.Build.0 = Debug|Any CPU
		{D7C887F3-71B9-42A8-BF3F-A8CBA5762D16}.Ad-Hoc|iPhoneSimulator.Deploy.0 = Debug|Any CPU
		{D7C887F3-71B9-42A8-BF3F-A8CBA5762D16}.Ad-Hoc|x64.ActiveCfg = Debug|Any CPU
		{D7C887F3-71B9-42A8-BF3F-A8CBA5762D16}.Ad-Hoc|x64.Build.0 = Debug|Any CPU
		{D7C887F3-71B9-42A8-BF3F-A8CBA5762D16}.Ad-Hoc|x64.Deploy.0 = Debug|Any CPU
		{D7C887F3-71B9-42A8-BF3F-A8CBA5762D16}.Ad-Hoc|x86.ActiveCfg = Debug|Any CPU
		{D7C887F3-71B9-42A8-BF3F-A8CBA5762D16}.Ad-Hoc|x86.Build.0 = Debug|Any CPU
		{D7C887F3-71B9-42A8-BF3F-A8CBA5762D16}.Ad-Hoc|x86.Deploy.0 = Debug|Any CPU
		{D7C887F3-71B9-42A8-BF3F-A8CBA5762D16}.AppStore|Any CPU.ActiveCfg = Debug|Any CPU
		{D7C887F3-71B9-42A8-BF3F-A8CBA5762D16}.AppStore|Any CPU.Build.0 = Debug|Any CPU
		{D7C887F3-71B9-42A8-BF3F-A8CBA5762D16}.AppStore|Any CPU.Deploy.0 = Debug|Any CPU
		{D7C887F3-71B9-42A8-BF3F-A8CBA5762D16}.AppStore|ARM.ActiveCfg = Debug|Any CPU
		{D7C887F3-71B9-42A8-BF3F-A8CBA5762D16}.AppStore|ARM.Build.0 = Debug|Any CPU
		{D7C887F3-71B9-42A8-BF3F-A8CBA5762D16}.AppStore|ARM.Deploy.0 = Debug|Any CPU
		{D7C887F3-71B9-42A8-BF3F-A8CBA5762D16}.AppStore|iPhone.ActiveCfg = Debug|Any CPU
		{D7C887F3-71B9-42A8-BF3F-A8CBA5762D16}.AppStore|iPhone.Build.0 = Debug|Any CPU
		{D7C887F3-71B9-42A8-BF3F-A8CBA5762D16}.AppStore|iPhone.Deploy.0 = Debug|Any CPU
		{D7C887F3-71B9-42A8-BF3F-A8CBA5762D16}.AppStore|iPhoneSimulator.ActiveCfg = Debug|Any CPU
		{D7C887F3-71B9-42A8-BF3F-A8CBA5762D16}.AppStore|iPhoneSimulator.Build.0 = Debug|Any CPU
		{D7C887F3-71B9-42A8-BF3F-A8CBA5762D16}.AppStore|iPhoneSimulator.Deploy.0 = Debug|Any CPU
		{D7C887F3-71B9-42A8-BF3F-A8CBA5762D16}.AppStore|x64.ActiveCfg = Debug|Any CPU
		{D7C887F3-71B9-42A8-BF3F-A8CBA5762D16}.AppStore|x64.Build.0 = Debug|Any CPU
		{D7C887F3-71B9-42A8-BF3F-A8CBA5762D16}.AppStore|x64.Deploy.0 = Debug|Any CPU
		{D7C887F3-71B9-42A8-BF3F-A8CBA5762D16}.AppStore|x86.ActiveCfg = Debug|Any CPU
		{D7C887F3-71B9-42A8-BF3F-A8CBA5762D16}.AppStore|x86.Build.0 = Debug|Any CPU
		{D7C887F3-71B9-42A8-BF3F-A8CBA5762D16}.AppStore|x86.Deploy.0 = Debug|Any CPU
		{D7C887F3-71B9-42A8-BF3F-A8CBA5762D16}.Debug|Any CPU.ActiveCfg = Debug|Any CPU
		{D7C887F3-71B9-42A8-BF3F-A8CBA5762D16}.Debug|Any CPU.Build.0 = Debug|Any CPU
		{D7C887F3-71B9-42A8-BF3F-A8CBA5762D16}.Debug|Any CPU.Deploy.0 = Debug|Any CPU
		{D7C887F3-71B9-42A8-BF3F-A8CBA5762D16}.Debug|ARM.ActiveCfg = Debug|Any CPU
		{D7C887F3-71B9-42A8-BF3F-A8CBA5762D16}.Debug|ARM.Build.0 = Debug|Any CPU
		{D7C887F3-71B9-42A8-BF3F-A8CBA5762D16}.Debug|ARM.Deploy.0 = Debug|Any CPU
		{D7C887F3-71B9-42A8-BF3F-A8CBA5762D16}.Debug|iPhone.ActiveCfg = Debug|Any CPU
		{D7C887F3-71B9-42A8-BF3F-A8CBA5762D16}.Debug|iPhone.Build.0 = Debug|Any CPU
		{D7C887F3-71B9-42A8-BF3F-A8CBA5762D16}.Debug|iPhone.Deploy.0 = Debug|Any CPU
		{D7C887F3-71B9-42A8-BF3F-A8CBA5762D16}.Debug|iPhoneSimulator.ActiveCfg = Debug|Any CPU
		{D7C887F3-71B9-42A8-BF3F-A8CBA5762D16}.Debug|iPhoneSimulator.Build.0 = Debug|Any CPU
		{D7C887F3-71B9-42A8-BF3F-A8CBA5762D16}.Debug|iPhoneSimulator.Deploy.0 = Debug|Any CPU
		{D7C887F3-71B9-42A8-BF3F-A8CBA5762D16}.Debug|x64.ActiveCfg = Debug|Any CPU
		{D7C887F3-71B9-42A8-BF3F-A8CBA5762D16}.Debug|x64.Build.0 = Debug|Any CPU
		{D7C887F3-71B9-42A8-BF3F-A8CBA5762D16}.Debug|x64.Deploy.0 = Debug|Any CPU
		{D7C887F3-71B9-42A8-BF3F-A8CBA5762D16}.Debug|x86.ActiveCfg = Debug|Any CPU
		{D7C887F3-71B9-42A8-BF3F-A8CBA5762D16}.Debug|x86.Build.0 = Debug|Any CPU
		{D7C887F3-71B9-42A8-BF3F-A8CBA5762D16}.Debug|x86.Deploy.0 = Debug|Any CPU
		{D7C887F3-71B9-42A8-BF3F-A8CBA5762D16}.Release|Any CPU.ActiveCfg = Release|Any CPU
		{D7C887F3-71B9-42A8-BF3F-A8CBA5762D16}.Release|Any CPU.Build.0 = Release|Any CPU
		{D7C887F3-71B9-42A8-BF3F-A8CBA5762D16}.Release|Any CPU.Deploy.0 = Release|Any CPU
		{D7C887F3-71B9-42A8-BF3F-A8CBA5762D16}.Release|ARM.ActiveCfg = Release|Any CPU
		{D7C887F3-71B9-42A8-BF3F-A8CBA5762D16}.Release|ARM.Build.0 = Release|Any CPU
		{D7C887F3-71B9-42A8-BF3F-A8CBA5762D16}.Release|ARM.Deploy.0 = Release|Any CPU
		{D7C887F3-71B9-42A8-BF3F-A8CBA5762D16}.Release|iPhone.ActiveCfg = Release|Any CPU
		{D7C887F3-71B9-42A8-BF3F-A8CBA5762D16}.Release|iPhone.Build.0 = Release|Any CPU
		{D7C887F3-71B9-42A8-BF3F-A8CBA5762D16}.Release|iPhone.Deploy.0 = Release|Any CPU
		{D7C887F3-71B9-42A8-BF3F-A8CBA5762D16}.Release|iPhoneSimulator.ActiveCfg = Release|Any CPU
		{D7C887F3-71B9-42A8-BF3F-A8CBA5762D16}.Release|iPhoneSimulator.Build.0 = Release|Any CPU
		{D7C887F3-71B9-42A8-BF3F-A8CBA5762D16}.Release|iPhoneSimulator.Deploy.0 = Release|Any CPU
		{D7C887F3-71B9-42A8-BF3F-A8CBA5762D16}.Release|x64.ActiveCfg = Release|Any CPU
		{D7C887F3-71B9-42A8-BF3F-A8CBA5762D16}.Release|x64.Build.0 = Release|Any CPU
		{D7C887F3-71B9-42A8-BF3F-A8CBA5762D16}.Release|x64.Deploy.0 = Release|Any CPU
		{D7C887F3-71B9-42A8-BF3F-A8CBA5762D16}.Release|x86.ActiveCfg = Release|Any CPU
		{D7C887F3-71B9-42A8-BF3F-A8CBA5762D16}.Release|x86.Build.0 = Release|Any CPU
		{D7C887F3-71B9-42A8-BF3F-A8CBA5762D16}.Release|x86.Deploy.0 = Release|Any CPU
	EndGlobalSection
	GlobalSection(SolutionProperties) = preSolution
		HideSolutionNode = FALSE
	EndGlobalSection
	GlobalSection(ExtensibilityGlobals) = postSolution
		SolutionGuid = {C8AE4656-B6FC-4CA2-8E9F-EB938066D21A}
	EndGlobalSection
EndGlobal
